
Microsoft Visual Studio Solution File, Format Version 12.00
# Visual Studio Version 16
VisualStudioVersion = 16.0.28803.156
MinimumVisualStudioVersion = 10.0.40219.1
Project("{FAE04EC0-301F-11D3-BF4B-00C04F79EFBC}") = "StoryTeller.App.V3.Android", "StoryTeller.App.V3\StoryTeller.App.V3.Android\StoryTeller.App.V3.Android.csproj", "{843E4C1E-7CA6-4102-9BF6-D7D0999E8BC1}"
EndProject
Project("{FAE04EC0-301F-11D3-BF4B-00C04F79EFBC}") = "StoryTeller.App.V3.iOS", "StoryTeller.App.V3\StoryTeller.App.V3.iOS\StoryTeller.App.V3.iOS.csproj", "{81F43D7F-F0FD-4A0F-8CAC-F4D88A8F6F55}"
EndProject
Project("{9A19103F-16F7-4668-BE54-9A1E7A4F7556}") = "StoryTeller.App.V3", "StoryTeller.App.V3\StoryTeller.App.V3\StoryTeller.App.V3.csproj", "{33BF41EF-2470-4153-9BF1-E526739FFE47}"
EndProject
Project("{9A19103F-16F7-4668-BE54-9A1E7A4F7556}") = "StoryTeller.Core", "..\StoryTeller.Core\StoryTeller.Core\StoryTeller.Core.csproj", "{314D3F9B-F4A1-400E-AE82-D48E6FDFCDD7}"
EndProject
Project("{FAE04EC0-301F-11D3-BF4B-00C04F79EFBC}") = "StoryTeller.App.V3.Android.Free", "StoryTeller.App.V3\StoryTeller.App.V3.Android.Free\StoryTeller.App.V3.Android.Free.csproj", "{6F405C81-729D-4260-A9B1-0D18E8758BD7}"
EndProject
Project("{FAE04EC0-301F-11D3-BF4B-00C04F79EFBC}") = "StoryTeller.App.AdsWrapper.V3", "StoryTeller.App.AdsWrapper.V3\StoryTeller.App.AdsWrapper.V3.csproj", "{634C48E3-8EB5-428D-B958-385A32B279CB}"
EndProject
Global
	GlobalSection(SolutionConfigurationPlatforms) = preSolution
		Ad-Hoc|Any CPU = Ad-Hoc|Any CPU
		Ad-Hoc|ARM = Ad-Hoc|ARM
		Ad-Hoc|iPhone = Ad-Hoc|iPhone
		Ad-Hoc|iPhoneSimulator = Ad-Hoc|iPhoneSimulator
		Ad-Hoc|x64 = Ad-Hoc|x64
		Ad-Hoc|x86 = Ad-Hoc|x86
		AppStore|Any CPU = AppStore|Any CPU
		AppStore|ARM = AppStore|ARM
		AppStore|iPhone = AppStore|iPhone
		AppStore|iPhoneSimulator = AppStore|iPhoneSimulator
		AppStore|x64 = AppStore|x64
		AppStore|x86 = AppStore|x86
		Debug|Any CPU = Debug|Any CPU
		Debug|ARM = Debug|ARM
		Debug|iPhone = Debug|iPhone
		Debug|iPhoneSimulator = Debug|iPhoneSimulator
		Debug|x64 = Debug|x64
		Debug|x86 = Debug|x86
		Release|Any CPU = Release|Any CPU
		Release|ARM = Release|ARM
		Release|iPhone = Release|iPhone
		Release|iPhoneSimulator = Release|iPhoneSimulator
		Release|x64 = Release|x64
		Release|x86 = Release|x86
	EndGlobalSection
	GlobalSection(ProjectConfigurationPlatforms) = postSolution
		{843E4C1E-7CA6-4102-9BF6-D7D0999E8BC1}.Ad-Hoc|Any CPU.ActiveCfg = Release|Any CPU
		{843E4C1E-7CA6-4102-9BF6-D7D0999E8BC1}.Ad-Hoc|Any CPU.Build.0 = Release|Any CPU
		{843E4C1E-7CA6-4102-9BF6-D7D0999E8BC1}.Ad-Hoc|Any CPU.Deploy.0 = Release|Any CPU
		{843E4C1E-7CA6-4102-9BF6-D7D0999E8BC1}.Ad-Hoc|ARM.ActiveCfg = Release|Any CPU
		{843E4C1E-7CA6-4102-9BF6-D7D0999E8BC1}.Ad-Hoc|ARM.Build.0 = Release|Any CPU
		{843E4C1E-7CA6-4102-9BF6-D7D0999E8BC1}.Ad-Hoc|ARM.Deploy.0 = Release|Any CPU
		{843E4C1E-7CA6-4102-9BF6-D7D0999E8BC1}.Ad-Hoc|iPhone.ActiveCfg = Release|Any CPU
		{843E4C1E-7CA6-4102-9BF6-D7D0999E8BC1}.Ad-Hoc|iPhone.Build.0 = Release|Any CPU
		{843E4C1E-7CA6-4102-9BF6-D7D0999E8BC1}.Ad-Hoc|iPhone.Deploy.0 = Release|Any CPU
		{843E4C1E-7CA6-4102-9BF6-D7D0999E8BC1}.Ad-Hoc|iPhoneSimulator.ActiveCfg = Release|Any CPU
		{843E4C1E-7CA6-4102-9BF6-D7D0999E8BC1}.Ad-Hoc|iPhoneSimulator.Build.0 = Release|Any CPU
		{843E4C1E-7CA6-4102-9BF6-D7D0999E8BC1}.Ad-Hoc|iPhoneSimulator.Deploy.0 = Release|Any CPU
		{843E4C1E-7CA6-4102-9BF6-D7D0999E8BC1}.Ad-Hoc|x64.ActiveCfg = Release|Any CPU
		{843E4C1E-7CA6-4102-9BF6-D7D0999E8BC1}.Ad-Hoc|x64.Build.0 = Release|Any CPU
		{843E4C1E-7CA6-4102-9BF6-D7D0999E8BC1}.Ad-Hoc|x64.Deploy.0 = Release|Any CPU
		{843E4C1E-7CA6-4102-9BF6-D7D0999E8BC1}.Ad-Hoc|x86.ActiveCfg = Release|Any CPU
		{843E4C1E-7CA6-4102-9BF6-D7D0999E8BC1}.Ad-Hoc|x86.Build.0 = Release|Any CPU
		{843E4C1E-7CA6-4102-9BF6-D7D0999E8BC1}.Ad-Hoc|x86.Deploy.0 = Release|Any CPU
		{843E4C1E-7CA6-4102-9BF6-D7D0999E8BC1}.AppStore|Any CPU.ActiveCfg = Release|Any CPU
		{843E4C1E-7CA6-4102-9BF6-D7D0999E8BC1}.AppStore|Any CPU.Build.0 = Release|Any CPU
		{843E4C1E-7CA6-4102-9BF6-D7D0999E8BC1}.AppStore|Any CPU.Deploy.0 = Release|Any CPU
		{843E4C1E-7CA6-4102-9BF6-D7D0999E8BC1}.AppStore|ARM.ActiveCfg = Release|Any CPU
		{843E4C1E-7CA6-4102-9BF6-D7D0999E8BC1}.AppStore|ARM.Build.0 = Release|Any CPU
		{843E4C1E-7CA6-4102-9BF6-D7D0999E8BC1}.AppStore|ARM.Deploy.0 = Release|Any CPU
		{843E4C1E-7CA6-4102-9BF6-D7D0999E8BC1}.AppStore|iPhone.ActiveCfg = Release|Any CPU
		{843E4C1E-7CA6-4102-9BF6-D7D0999E8BC1}.AppStore|iPhone.Build.0 = Release|Any CPU
		{843E4C1E-7CA6-4102-9BF6-D7D0999E8BC1}.AppStore|iPhone.Deploy.0 = Release|Any CPU
		{843E4C1E-7CA6-4102-9BF6-D7D0999E8BC1}.AppStore|iPhoneSimulator.ActiveCfg = Release|Any CPU
		{843E4C1E-7CA6-4102-9BF6-D7D0999E8BC1}.AppStore|iPhoneSimulator.Build.0 = Release|Any CPU
		{843E4C1E-7CA6-4102-9BF6-D7D0999E8BC1}.AppStore|iPhoneSimulator.Deploy.0 = Release|Any CPU
		{843E4C1E-7CA6-4102-9BF6-D7D0999E8BC1}.AppStore|x64.ActiveCfg = Release|Any CPU
		{843E4C1E-7CA6-4102-9BF6-D7D0999E8BC1}.AppStore|x64.Build.0 = Release|Any CPU
		{843E4C1E-7CA6-4102-9BF6-D7D0999E8BC1}.AppStore|x64.Deploy.0 = Release|Any CPU
		{843E4C1E-7CA6-4102-9BF6-D7D0999E8BC1}.AppStore|x86.ActiveCfg = Release|Any CPU
		{843E4C1E-7CA6-4102-9BF6-D7D0999E8BC1}.AppStore|x86.Build.0 = Release|Any CPU
		{843E4C1E-7CA6-4102-9BF6-D7D0999E8BC1}.AppStore|x86.Deploy.0 = Release|Any CPU
		{843E4C1E-7CA6-4102-9BF6-D7D0999E8BC1}.Debug|Any CPU.ActiveCfg = Debug|Any CPU
		{843E4C1E-7CA6-4102-9BF6-D7D0999E8BC1}.Debug|Any CPU.Build.0 = Debug|Any CPU
		{843E4C1E-7CA6-4102-9BF6-D7D0999E8BC1}.Debug|Any CPU.Deploy.0 = Debug|Any CPU
		{843E4C1E-7CA6-4102-9BF6-D7D0999E8BC1}.Debug|ARM.ActiveCfg = Debug|Any CPU
		{843E4C1E-7CA6-4102-9BF6-D7D0999E8BC1}.Debug|ARM.Build.0 = Debug|Any CPU
		{843E4C1E-7CA6-4102-9BF6-D7D0999E8BC1}.Debug|ARM.Deploy.0 = Debug|Any CPU
		{843E4C1E-7CA6-4102-9BF6-D7D0999E8BC1}.Debug|iPhone.ActiveCfg = Debug|Any CPU
		{843E4C1E-7CA6-4102-9BF6-D7D0999E8BC1}.Debug|iPhone.Build.0 = Debug|Any CPU
		{843E4C1E-7CA6-4102-9BF6-D7D0999E8BC1}.Debug|iPhone.Deploy.0 = Debug|Any CPU
		{843E4C1E-7CA6-4102-9BF6-D7D0999E8BC1}.Debug|iPhoneSimulator.ActiveCfg = Debug|Any CPU
		{843E4C1E-7CA6-4102-9BF6-D7D0999E8BC1}.Debug|iPhoneSimulator.Build.0 = Debug|Any CPU
		{843E4C1E-7CA6-4102-9BF6-D7D0999E8BC1}.Debug|iPhoneSimulator.Deploy.0 = Debug|Any CPU
		{843E4C1E-7CA6-4102-9BF6-D7D0999E8BC1}.Debug|x64.ActiveCfg = Debug|Any CPU
		{843E4C1E-7CA6-4102-9BF6-D7D0999E8BC1}.Debug|x64.Build.0 = Debug|Any CPU
		{843E4C1E-7CA6-4102-9BF6-D7D0999E8BC1}.Debug|x64.Deploy.0 = Debug|Any CPU
		{843E4C1E-7CA6-4102-9BF6-D7D0999E8BC1}.Debug|x86.ActiveCfg = Debug|Any CPU
		{843E4C1E-7CA6-4102-9BF6-D7D0999E8BC1}.Debug|x86.Build.0 = Debug|Any CPU
		{843E4C1E-7CA6-4102-9BF6-D7D0999E8BC1}.Debug|x86.Deploy.0 = Debug|Any CPU
		{843E4C1E-7CA6-4102-9BF6-D7D0999E8BC1}.Release|Any CPU.ActiveCfg = Release|Any CPU
		{843E4C1E-7CA6-4102-9BF6-D7D0999E8BC1}.Release|Any CPU.Build.0 = Release|Any CPU
		{843E4C1E-7CA6-4102-9BF6-D7D0999E8BC1}.Release|Any CPU.Deploy.0 = Release|Any CPU
		{843E4C1E-7CA6-4102-9BF6-D7D0999E8BC1}.Release|ARM.ActiveCfg = Release|Any CPU
		{843E4C1E-7CA6-4102-9BF6-D7D0999E8BC1}.Release|ARM.Build.0 = Release|Any CPU
		{843E4C1E-7CA6-4102-9BF6-D7D0999E8BC1}.Release|ARM.Deploy.0 = Release|Any CPU
		{843E4C1E-7CA6-4102-9BF6-D7D0999E8BC1}.Release|iPhone.ActiveCfg = Release|Any CPU
		{843E4C1E-7CA6-4102-9BF6-D7D0999E8BC1}.Release|iPhone.Build.0 = Release|Any CPU
		{843E4C1E-7CA6-4102-9BF6-D7D0999E8BC1}.Release|iPhone.Deploy.0 = Release|Any CPU
		{843E4C1E-7CA6-4102-9BF6-D7D0999E8BC1}.Release|iPhoneSimulator.ActiveCfg = Release|Any CPU
		{843E4C1E-7CA6-4102-9BF6-D7D0999E8BC1}.Release|iPhoneSimulator.Build.0 = Release|Any CPU
		{843E4C1E-7CA6-4102-9BF6-D7D0999E8BC1}.Release|iPhoneSimulator.Deploy.0 = Release|Any CPU
		{843E4C1E-7CA6-4102-9BF6-D7D0999E8BC1}.Release|x64.ActiveCfg = Release|Any CPU
		{843E4C1E-7CA6-4102-9BF6-D7D0999E8BC1}.Release|x64.Build.0 = Release|Any CPU
		{843E4C1E-7CA6-4102-9BF6-D7D0999E8BC1}.Release|x64.Deploy.0 = Release|Any CPU
		{843E4C1E-7CA6-4102-9BF6-D7D0999E8BC1}.Release|x86.ActiveCfg = Release|Any CPU
		{843E4C1E-7CA6-4102-9BF6-D7D0999E8BC1}.Release|x86.Build.0 = Release|Any CPU
		{843E4C1E-7CA6-4102-9BF6-D7D0999E8BC1}.Release|x86.Deploy.0 = Release|Any CPU
		{81F43D7F-F0FD-4A0F-8CAC-F4D88A8F6F55}.Ad-Hoc|Any CPU.ActiveCfg = Ad-Hoc|iPhone
		{81F43D7F-F0FD-4A0F-8CAC-F4D88A8F6F55}.Ad-Hoc|Any CPU.Build.0 = Ad-Hoc|iPhone
		{81F43D7F-F0FD-4A0F-8CAC-F4D88A8F6F55}.Ad-Hoc|Any CPU.Deploy.0 = Ad-Hoc|iPhone
		{81F43D7F-F0FD-4A0F-8CAC-F4D88A8F6F55}.Ad-Hoc|ARM.ActiveCfg = Ad-Hoc|iPhone
		{81F43D7F-F0FD-4A0F-8CAC-F4D88A8F6F55}.Ad-Hoc|ARM.Build.0 = Ad-Hoc|iPhone
		{81F43D7F-F0FD-4A0F-8CAC-F4D88A8F6F55}.Ad-Hoc|ARM.Deploy.0 = Ad-Hoc|iPhone
		{81F43D7F-F0FD-4A0F-8CAC-F4D88A8F6F55}.Ad-Hoc|iPhone.ActiveCfg = Ad-Hoc|iPhone
		{81F43D7F-F0FD-4A0F-8CAC-F4D88A8F6F55}.Ad-Hoc|iPhone.Build.0 = Ad-Hoc|iPhone
		{81F43D7F-F0FD-4A0F-8CAC-F4D88A8F6F55}.Ad-Hoc|iPhone.Deploy.0 = Ad-Hoc|iPhone
		{81F43D7F-F0FD-4A0F-8CAC-F4D88A8F6F55}.Ad-Hoc|iPhoneSimulator.ActiveCfg = Ad-Hoc|iPhoneSimulator
		{81F43D7F-F0FD-4A0F-8CAC-F4D88A8F6F55}.Ad-Hoc|iPhoneSimulator.Build.0 = Ad-Hoc|iPhoneSimulator
		{81F43D7F-F0FD-4A0F-8CAC-F4D88A8F6F55}.Ad-Hoc|iPhoneSimulator.Deploy.0 = Ad-Hoc|iPhoneSimulator
		{81F43D7F-F0FD-4A0F-8CAC-F4D88A8F6F55}.Ad-Hoc|x64.ActiveCfg = Ad-Hoc|iPhone
		{81F43D7F-F0FD-4A0F-8CAC-F4D88A8F6F55}.Ad-Hoc|x64.Build.0 = Ad-Hoc|iPhone
		{81F43D7F-F0FD-4A0F-8CAC-F4D88A8F6F55}.Ad-Hoc|x64.Deploy.0 = Ad-Hoc|iPhone
		{81F43D7F-F0FD-4A0F-8CAC-F4D88A8F6F55}.Ad-Hoc|x86.ActiveCfg = Ad-Hoc|iPhone
		{81F43D7F-F0FD-4A0F-8CAC-F4D88A8F6F55}.Ad-Hoc|x86.Build.0 = Ad-Hoc|iPhone
		{81F43D7F-F0FD-4A0F-8CAC-F4D88A8F6F55}.Ad-Hoc|x86.Deploy.0 = Ad-Hoc|iPhone
		{81F43D7F-F0FD-4A0F-8CAC-F4D88A8F6F55}.AppStore|Any CPU.ActiveCfg = AppStore|iPhone
		{81F43D7F-F0FD-4A0F-8CAC-F4D88A8F6F55}.AppStore|Any CPU.Build.0 = AppStore|iPhone
		{81F43D7F-F0FD-4A0F-8CAC-F4D88A8F6F55}.AppStore|Any CPU.Deploy.0 = AppStore|iPhone
		{81F43D7F-F0FD-4A0F-8CAC-F4D88A8F6F55}.AppStore|ARM.ActiveCfg = AppStore|iPhone
		{81F43D7F-F0FD-4A0F-8CAC-F4D88A8F6F55}.AppStore|ARM.Build.0 = AppStore|iPhone
		{81F43D7F-F0FD-4A0F-8CAC-F4D88A8F6F55}.AppStore|ARM.Deploy.0 = AppStore|iPhone
		{81F43D7F-F0FD-4A0F-8CAC-F4D88A8F6F55}.AppStore|iPhone.ActiveCfg = AppStore|iPhone
		{81F43D7F-F0FD-4A0F-8CAC-F4D88A8F6F55}.AppStore|iPhone.Build.0 = AppStore|iPhone
		{81F43D7F-F0FD-4A0F-8CAC-F4D88A8F6F55}.AppStore|iPhone.Deploy.0 = AppStore|iPhone
		{81F43D7F-F0FD-4A0F-8CAC-F4D88A8F6F55}.AppStore|iPhoneSimulator.ActiveCfg = AppStore|iPhoneSimulator
		{81F43D7F-F0FD-4A0F-8CAC-F4D88A8F6F55}.AppStore|iPhoneSimulator.Build.0 = AppStore|iPhoneSimulator
		{81F43D7F-F0FD-4A0F-8CAC-F4D88A8F6F55}.AppStore|iPhoneSimulator.Deploy.0 = AppStore|iPhoneSimulator
		{81F43D7F-F0FD-4A0F-8CAC-F4D88A8F6F55}.AppStore|x64.ActiveCfg = AppStore|iPhone
		{81F43D7F-F0FD-4A0F-8CAC-F4D88A8F6F55}.AppStore|x64.Build.0 = AppStore|iPhone
		{81F43D7F-F0FD-4A0F-8CAC-F4D88A8F6F55}.AppStore|x64.Deploy.0 = AppStore|iPhone
		{81F43D7F-F0FD-4A0F-8CAC-F4D88A8F6F55}.AppStore|x86.ActiveCfg = AppStore|iPhone
		{81F43D7F-F0FD-4A0F-8CAC-F4D88A8F6F55}.AppStore|x86.Build.0 = AppStore|iPhone
		{81F43D7F-F0FD-4A0F-8CAC-F4D88A8F6F55}.AppStore|x86.Deploy.0 = AppStore|iPhone
		{81F43D7F-F0FD-4A0F-8CAC-F4D88A8F6F55}.Debug|Any CPU.ActiveCfg = Debug|iPhoneSimulator
		{81F43D7F-F0FD-4A0F-8CAC-F4D88A8F6F55}.Debug|Any CPU.Deploy.0 = Debug|iPhoneSimulator
		{81F43D7F-F0FD-4A0F-8CAC-F4D88A8F6F55}.Debug|ARM.ActiveCfg = Debug|iPhone
		{81F43D7F-F0FD-4A0F-8CAC-F4D88A8F6F55}.Debug|ARM.Build.0 = Debug|iPhone
		{81F43D7F-F0FD-4A0F-8CAC-F4D88A8F6F55}.Debug|ARM.Deploy.0 = Debug|iPhone
		{81F43D7F-F0FD-4A0F-8CAC-F4D88A8F6F55}.Debug|iPhone.ActiveCfg = Debug|iPhone
		{81F43D7F-F0FD-4A0F-8CAC-F4D88A8F6F55}.Debug|iPhone.Build.0 = Debug|iPhone
		{81F43D7F-F0FD-4A0F-8CAC-F4D88A8F6F55}.Debug|iPhone.Deploy.0 = Debug|iPhone
		{81F43D7F-F0FD-4A0F-8CAC-F4D88A8F6F55}.Debug|iPhoneSimulator.ActiveCfg = Debug|iPhoneSimulator
		{81F43D7F-F0FD-4A0F-8CAC-F4D88A8F6F55}.Debug|iPhoneSimulator.Build.0 = Debug|iPhoneSimulator
		{81F43D7F-F0FD-4A0F-8CAC-F4D88A8F6F55}.Debug|iPhoneSimulator.Deploy.0 = Debug|iPhoneSimulator
		{81F43D7F-F0FD-4A0F-8CAC-F4D88A8F6F55}.Debug|x64.ActiveCfg = Debug|iPhone
		{81F43D7F-F0FD-4A0F-8CAC-F4D88A8F6F55}.Debug|x64.Build.0 = Debug|iPhone
		{81F43D7F-F0FD-4A0F-8CAC-F4D88A8F6F55}.Debug|x64.Deploy.0 = Debug|iPhone
		{81F43D7F-F0FD-4A0F-8CAC-F4D88A8F6F55}.Debug|x86.ActiveCfg = Debug|iPhone
		{81F43D7F-F0FD-4A0F-8CAC-F4D88A8F6F55}.Debug|x86.Build.0 = Debug|iPhone
		{81F43D7F-F0FD-4A0F-8CAC-F4D88A8F6F55}.Debug|x86.Deploy.0 = Debug|iPhone
		{81F43D7F-F0FD-4A0F-8CAC-F4D88A8F6F55}.Release|Any CPU.ActiveCfg = Release|iPhone
		{81F43D7F-F0FD-4A0F-8CAC-F4D88A8F6F55}.Release|Any CPU.Build.0 = Release|iPhone
		{81F43D7F-F0FD-4A0F-8CAC-F4D88A8F6F55}.Release|Any CPU.Deploy.0 = Release|iPhone
		{81F43D7F-F0FD-4A0F-8CAC-F4D88A8F6F55}.Release|ARM.ActiveCfg = Release|iPhone
		{81F43D7F-F0FD-4A0F-8CAC-F4D88A8F6F55}.Release|ARM.Build.0 = Release|iPhone
		{81F43D7F-F0FD-4A0F-8CAC-F4D88A8F6F55}.Release|ARM.Deploy.0 = Release|iPhone
		{81F43D7F-F0FD-4A0F-8CAC-F4D88A8F6F55}.Release|iPhone.ActiveCfg = Release|iPhone
		{81F43D7F-F0FD-4A0F-8CAC-F4D88A8F6F55}.Release|iPhone.Build.0 = Release|iPhone
		{81F43D7F-F0FD-4A0F-8CAC-F4D88A8F6F55}.Release|iPhone.Deploy.0 = Release|iPhone
		{81F43D7F-F0FD-4A0F-8CAC-F4D88A8F6F55}.Release|iPhoneSimulator.ActiveCfg = Release|iPhoneSimulator
		{81F43D7F-F0FD-4A0F-8CAC-F4D88A8F6F55}.Release|iPhoneSimulator.Build.0 = Release|iPhoneSimulator
		{81F43D7F-F0FD-4A0F-8CAC-F4D88A8F6F55}.Release|iPhoneSimulator.Deploy.0 = Release|iPhoneSimulator
		{81F43D7F-F0FD-4A0F-8CAC-F4D88A8F6F55}.Release|x64.ActiveCfg = Release|iPhone
		{81F43D7F-F0FD-4A0F-8CAC-F4D88A8F6F55}.Release|x64.Build.0 = Release|iPhone
		{81F43D7F-F0FD-4A0F-8CAC-F4D88A8F6F55}.Release|x64.Deploy.0 = Release|iPhone
		{81F43D7F-F0FD-4A0F-8CAC-F4D88A8F6F55}.Release|x86.ActiveCfg = Release|iPhone
		{81F43D7F-F0FD-4A0F-8CAC-F4D88A8F6F55}.Release|x86.Build.0 = Release|iPhone
		{81F43D7F-F0FD-4A0F-8CAC-F4D88A8F6F55}.Release|x86.Deploy.0 = Release|iPhone
		{33BF41EF-2470-4153-9BF1-E526739FFE47}.Ad-Hoc|Any CPU.ActiveCfg = Debug|Any CPU
		{33BF41EF-2470-4153-9BF1-E526739FFE47}.Ad-Hoc|Any CPU.Build.0 = Debug|Any CPU
		{33BF41EF-2470-4153-9BF1-E526739FFE47}.Ad-Hoc|Any CPU.Deploy.0 = Debug|Any CPU
		{33BF41EF-2470-4153-9BF1-E526739FFE47}.Ad-Hoc|ARM.ActiveCfg = Debug|Any CPU
		{33BF41EF-2470-4153-9BF1-E526739FFE47}.Ad-Hoc|ARM.Build.0 = Debug|Any CPU
		{33BF41EF-2470-4153-9BF1-E526739FFE47}.Ad-Hoc|ARM.Deploy.0 = Debug|Any CPU
		{33BF41EF-2470-4153-9BF1-E526739FFE47}.Ad-Hoc|iPhone.ActiveCfg = Debug|Any CPU
		{33BF41EF-2470-4153-9BF1-E526739FFE47}.Ad-Hoc|iPhone.Build.0 = Debug|Any CPU
		{33BF41EF-2470-4153-9BF1-E526739FFE47}.Ad-Hoc|iPhone.Deploy.0 = Debug|Any CPU
		{33BF41EF-2470-4153-9BF1-E526739FFE47}.Ad-Hoc|iPhoneSimulator.ActiveCfg = Debug|Any CPU
		{33BF41EF-2470-4153-9BF1-E526739FFE47}.Ad-Hoc|iPhoneSimulator.Build.0 = Debug|Any CPU
		{33BF41EF-2470-4153-9BF1-E526739FFE47}.Ad-Hoc|iPhoneSimulator.Deploy.0 = Debug|Any CPU
		{33BF41EF-2470-4153-9BF1-E526739FFE47}.Ad-Hoc|x64.ActiveCfg = Debug|Any CPU
		{33BF41EF-2470-4153-9BF1-E526739FFE47}.Ad-Hoc|x64.Build.0 = Debug|Any CPU
		{33BF41EF-2470-4153-9BF1-E526739FFE47}.Ad-Hoc|x64.Deploy.0 = Debug|Any CPU
		{33BF41EF-2470-4153-9BF1-E526739FFE47}.Ad-Hoc|x86.ActiveCfg = Debug|Any CPU
		{33BF41EF-2470-4153-9BF1-E526739FFE47}.Ad-Hoc|x86.Build.0 = Debug|Any CPU
		{33BF41EF-2470-4153-9BF1-E526739FFE47}.Ad-Hoc|x86.Deploy.0 = Debug|Any CPU
		{33BF41EF-2470-4153-9BF1-E526739FFE47}.AppStore|Any CPU.ActiveCfg = Debug|Any CPU
		{33BF41EF-2470-4153-9BF1-E526739FFE47}.AppStore|Any CPU.Build.0 = Debug|Any CPU
		{33BF41EF-2470-4153-9BF1-E526739FFE47}.AppStore|Any CPU.Deploy.0 = Debug|Any CPU
		{33BF41EF-2470-4153-9BF1-E526739FFE47}.AppStore|ARM.ActiveCfg = Debug|Any CPU
		{33BF41EF-2470-4153-9BF1-E526739FFE47}.AppStore|ARM.Build.0 = Debug|Any CPU
		{33BF41EF-2470-4153-9BF1-E526739FFE47}.AppStore|ARM.Deploy.0 = Debug|Any CPU
		{33BF41EF-2470-4153-9BF1-E526739FFE47}.AppStore|iPhone.ActiveCfg = Debug|Any CPU
		{33BF41EF-2470-4153-9BF1-E526739FFE47}.AppStore|iPhone.Build.0 = Debug|Any CPU
		{33BF41EF-2470-4153-9BF1-E526739FFE47}.AppStore|iPhone.Deploy.0 = Debug|Any CPU
		{33BF41EF-2470-4153-9BF1-E526739FFE47}.AppStore|iPhoneSimulator.ActiveCfg = Debug|Any CPU
		{33BF41EF-2470-4153-9BF1-E526739FFE47}.AppStore|iPhoneSimulator.Build.0 = Debug|Any CPU
		{33BF41EF-2470-4153-9BF1-E526739FFE47}.AppStore|iPhoneSimulator.Deploy.0 = Debug|Any CPU
		{33BF41EF-2470-4153-9BF1-E526739FFE47}.AppStore|x64.ActiveCfg = Debug|Any CPU
		{33BF41EF-2470-4153-9BF1-E526739FFE47}.AppStore|x64.Build.0 = Debug|Any CPU
		{33BF41EF-2470-4153-9BF1-E526739FFE47}.AppStore|x64.Deploy.0 = Debug|Any CPU
		{33BF41EF-2470-4153-9BF1-E526739FFE47}.AppStore|x86.ActiveCfg = Debug|Any CPU
		{33BF41EF-2470-4153-9BF1-E526739FFE47}.AppStore|x86.Build.0 = Debug|Any CPU
		{33BF41EF-2470-4153-9BF1-E526739FFE47}.AppStore|x86.Deploy.0 = Debug|Any CPU
		{33BF41EF-2470-4153-9BF1-E526739FFE47}.Debug|Any CPU.ActiveCfg = Debug|Any CPU
		{33BF41EF-2470-4153-9BF1-E526739FFE47}.Debug|Any CPU.Build.0 = Debug|Any CPU
		{33BF41EF-2470-4153-9BF1-E526739FFE47}.Debug|Any CPU.Deploy.0 = Debug|Any CPU
		{33BF41EF-2470-4153-9BF1-E526739FFE47}.Debug|ARM.ActiveCfg = Debug|Any CPU
		{33BF41EF-2470-4153-9BF1-E526739FFE47}.Debug|ARM.Build.0 = Debug|Any CPU
		{33BF41EF-2470-4153-9BF1-E526739FFE47}.Debug|ARM.Deploy.0 = Debug|Any CPU
		{33BF41EF-2470-4153-9BF1-E526739FFE47}.Debug|iPhone.ActiveCfg = Debug|Any CPU
		{33BF41EF-2470-4153-9BF1-E526739FFE47}.Debug|iPhone.Build.0 = Debug|Any CPU
		{33BF41EF-2470-4153-9BF1-E526739FFE47}.Debug|iPhone.Deploy.0 = Debug|Any CPU
		{33BF41EF-2470-4153-9BF1-E526739FFE47}.Debug|iPhoneSimulator.ActiveCfg = Debug|Any CPU
		{33BF41EF-2470-4153-9BF1-E526739FFE47}.Debug|iPhoneSimulator.Build.0 = Debug|Any CPU
		{33BF41EF-2470-4153-9BF1-E526739FFE47}.Debug|iPhoneSimulator.Deploy.0 = Debug|Any CPU
		{33BF41EF-2470-4153-9BF1-E526739FFE47}.Debug|x64.ActiveCfg = Debug|Any CPU
		{33BF41EF-2470-4153-9BF1-E526739FFE47}.Debug|x64.Build.0 = Debug|Any CPU
		{33BF41EF-2470-4153-9BF1-E526739FFE47}.Debug|x64.Deploy.0 = Debug|Any CPU
		{33BF41EF-2470-4153-9BF1-E526739FFE47}.Debug|x86.ActiveCfg = Debug|Any CPU
		{33BF41EF-2470-4153-9BF1-E526739FFE47}.Debug|x86.Build.0 = Debug|Any CPU
		{33BF41EF-2470-4153-9BF1-E526739FFE47}.Debug|x86.Deploy.0 = Debug|Any CPU
		{33BF41EF-2470-4153-9BF1-E526739FFE47}.Release|Any CPU.ActiveCfg = Release|Any CPU
		{33BF41EF-2470-4153-9BF1-E526739FFE47}.Release|Any CPU.Build.0 = Release|Any CPU
		{33BF41EF-2470-4153-9BF1-E526739FFE47}.Release|Any CPU.Deploy.0 = Release|Any CPU
		{33BF41EF-2470-4153-9BF1-E526739FFE47}.Release|ARM.ActiveCfg = Release|Any CPU
		{33BF41EF-2470-4153-9BF1-E526739FFE47}.Release|ARM.Build.0 = Release|Any CPU
		{33BF41EF-2470-4153-9BF1-E526739FFE47}.Release|ARM.Deploy.0 = Release|Any CPU
		{33BF41EF-2470-4153-9BF1-E526739FFE47}.Release|iPhone.ActiveCfg = Release|Any CPU
		{33BF41EF-2470-4153-9BF1-E526739FFE47}.Release|iPhone.Build.0 = Release|Any CPU
		{33BF41EF-2470-4153-9BF1-E526739FFE47}.Release|iPhone.Deploy.0 = Release|Any CPU
		{33BF41EF-2470-4153-9BF1-E526739FFE47}.Release|iPhoneSimulator.ActiveCfg = Release|Any CPU
		{33BF41EF-2470-4153-9BF1-E526739FFE47}.Release|iPhoneSimulator.Build.0 = Release|Any CPU
		{33BF41EF-2470-4153-9BF1-E526739FFE47}.Release|iPhoneSimulator.Deploy.0 = Release|Any CPU
		{33BF41EF-2470-4153-9BF1-E526739FFE47}.Release|x64.ActiveCfg = Release|Any CPU
		{33BF41EF-2470-4153-9BF1-E526739FFE47}.Release|x64.Build.0 = Release|Any CPU
		{33BF41EF-2470-4153-9BF1-E526739FFE47}.Release|x64.Deploy.0 = Release|Any CPU
		{33BF41EF-2470-4153-9BF1-E526739FFE47}.Release|x86.ActiveCfg = Release|Any CPU
		{33BF41EF-2470-4153-9BF1-E526739FFE47}.Release|x86.Build.0 = Release|Any CPU
		{33BF41EF-2470-4153-9BF1-E526739FFE47}.Release|x86.Deploy.0 = Release|Any CPU
		{314D3F9B-F4A1-400E-AE82-D48E6FDFCDD7}.Ad-Hoc|Any CPU.ActiveCfg = Debug|Any CPU
		{314D3F9B-F4A1-400E-AE82-D48E6FDFCDD7}.Ad-Hoc|Any CPU.Build.0 = Debug|Any CPU
		{314D3F9B-F4A1-400E-AE82-D48E6FDFCDD7}.Ad-Hoc|ARM.ActiveCfg = Debug|Any CPU
		{314D3F9B-F4A1-400E-AE82-D48E6FDFCDD7}.Ad-Hoc|ARM.Build.0 = Debug|Any CPU
		{314D3F9B-F4A1-400E-AE82-D48E6FDFCDD7}.Ad-Hoc|iPhone.ActiveCfg = Debug|Any CPU
		{314D3F9B-F4A1-400E-AE82-D48E6FDFCDD7}.Ad-Hoc|iPhone.Build.0 = Debug|Any CPU
		{314D3F9B-F4A1-400E-AE82-D48E6FDFCDD7}.Ad-Hoc|iPhoneSimulator.ActiveCfg = Debug|Any CPU
		{314D3F9B-F4A1-400E-AE82-D48E6FDFCDD7}.Ad-Hoc|iPhoneSimulator.Build.0 = Debug|Any CPU
		{314D3F9B-F4A1-400E-AE82-D48E6FDFCDD7}.Ad-Hoc|x64.ActiveCfg = Debug|Any CPU
		{314D3F9B-F4A1-400E-AE82-D48E6FDFCDD7}.Ad-Hoc|x64.Build.0 = Debug|Any CPU
		{314D3F9B-F4A1-400E-AE82-D48E6FDFCDD7}.Ad-Hoc|x86.ActiveCfg = Debug|Any CPU
		{314D3F9B-F4A1-400E-AE82-D48E6FDFCDD7}.Ad-Hoc|x86.Build.0 = Debug|Any CPU
		{314D3F9B-F4A1-400E-AE82-D48E6FDFCDD7}.AppStore|Any CPU.ActiveCfg = Debug|Any CPU
		{314D3F9B-F4A1-400E-AE82-D48E6FDFCDD7}.AppStore|Any CPU.Build.0 = Debug|Any CPU
		{314D3F9B-F4A1-400E-AE82-D48E6FDFCDD7}.AppStore|ARM.ActiveCfg = Debug|Any CPU
		{314D3F9B-F4A1-400E-AE82-D48E6FDFCDD7}.AppStore|ARM.Build.0 = Debug|Any CPU
		{314D3F9B-F4A1-400E-AE82-D48E6FDFCDD7}.AppStore|iPhone.ActiveCfg = Debug|Any CPU
		{314D3F9B-F4A1-400E-AE82-D48E6FDFCDD7}.AppStore|iPhone.Build.0 = Debug|Any CPU
		{314D3F9B-F4A1-400E-AE82-D48E6FDFCDD7}.AppStore|iPhoneSimulator.ActiveCfg = Debug|Any CPU
		{314D3F9B-F4A1-400E-AE82-D48E6FDFCDD7}.AppStore|iPhoneSimulator.Build.0 = Debug|Any CPU
		{314D3F9B-F4A1-400E-AE82-D48E6FDFCDD7}.AppStore|x64.ActiveCfg = Debug|Any CPU
		{314D3F9B-F4A1-400E-AE82-D48E6FDFCDD7}.AppStore|x64.Build.0 = Debug|Any CPU
		{314D3F9B-F4A1-400E-AE82-D48E6FDFCDD7}.AppStore|x86.ActiveCfg = Debug|Any CPU
		{314D3F9B-F4A1-400E-AE82-D48E6FDFCDD7}.AppStore|x86.Build.0 = Debug|Any CPU
		{314D3F9B-F4A1-400E-AE82-D48E6FDFCDD7}.Debug|Any CPU.ActiveCfg = Debug|Any CPU
		{314D3F9B-F4A1-400E-AE82-D48E6FDFCDD7}.Debug|Any CPU.Build.0 = Debug|Any CPU
		{314D3F9B-F4A1-400E-AE82-D48E6FDFCDD7}.Debug|ARM.ActiveCfg = Debug|Any CPU
		{314D3F9B-F4A1-400E-AE82-D48E6FDFCDD7}.Debug|ARM.Build.0 = Debug|Any CPU
		{314D3F9B-F4A1-400E-AE82-D48E6FDFCDD7}.Debug|iPhone.ActiveCfg = Debug|Any CPU
		{314D3F9B-F4A1-400E-AE82-D48E6FDFCDD7}.Debug|iPhone.Build.0 = Debug|Any CPU
		{314D3F9B-F4A1-400E-AE82-D48E6FDFCDD7}.Debug|iPhoneSimulator.ActiveCfg = Debug|Any CPU
		{314D3F9B-F4A1-400E-AE82-D48E6FDFCDD7}.Debug|iPhoneSimulator.Build.0 = Debug|Any CPU
		{314D3F9B-F4A1-400E-AE82-D48E6FDFCDD7}.Debug|x64.ActiveCfg = Debug|Any CPU
		{314D3F9B-F4A1-400E-AE82-D48E6FDFCDD7}.Debug|x64.Build.0 = Debug|Any CPU
		{314D3F9B-F4A1-400E-AE82-D48E6FDFCDD7}.Debug|x86.ActiveCfg = Debug|Any CPU
		{314D3F9B-F4A1-400E-AE82-D48E6FDFCDD7}.Debug|x86.Build.0 = Debug|Any CPU
		{314D3F9B-F4A1-400E-AE82-D48E6FDFCDD7}.Release|Any CPU.ActiveCfg = Release|Any CPU
		{314D3F9B-F4A1-400E-AE82-D48E6FDFCDD7}.Release|Any CPU.Build.0 = Release|Any CPU
		{314D3F9B-F4A1-400E-AE82-D48E6FDFCDD7}.Release|ARM.ActiveCfg = Release|Any CPU
		{314D3F9B-F4A1-400E-AE82-D48E6FDFCDD7}.Release|ARM.Build.0 = Release|Any CPU
		{314D3F9B-F4A1-400E-AE82-D48E6FDFCDD7}.Release|iPhone.ActiveCfg = Release|Any CPU
		{314D3F9B-F4A1-400E-AE82-D48E6FDFCDD7}.Release|iPhone.Build.0 = Release|Any CPU
		{314D3F9B-F4A1-400E-AE82-D48E6FDFCDD7}.Release|iPhoneSimulator.ActiveCfg = Release|Any CPU
		{314D3F9B-F4A1-400E-AE82-D48E6FDFCDD7}.Release|iPhoneSimulator.Build.0 = Release|Any CPU
		{314D3F9B-F4A1-400E-AE82-D48E6FDFCDD7}.Release|x64.ActiveCfg = Release|Any CPU
		{314D3F9B-F4A1-400E-AE82-D48E6FDFCDD7}.Release|x64.Build.0 = Release|Any CPU
		{314D3F9B-F4A1-400E-AE82-D48E6FDFCDD7}.Release|x86.ActiveCfg = Release|Any CPU
		{314D3F9B-F4A1-400E-AE82-D48E6FDFCDD7}.Release|x86.Build.0 = Release|Any CPU
		{6F405C81-729D-4260-A9B1-0D18E8758BD7}.Ad-Hoc|Any CPU.ActiveCfg = Release|Any CPU
		{6F405C81-729D-4260-A9B1-0D18E8758BD7}.Ad-Hoc|Any CPU.Build.0 = Release|Any CPU
		{6F405C81-729D-4260-A9B1-0D18E8758BD7}.Ad-Hoc|Any CPU.Deploy.0 = Release|Any CPU
		{6F405C81-729D-4260-A9B1-0D18E8758BD7}.Ad-Hoc|ARM.ActiveCfg = Release|Any CPU
		{6F405C81-729D-4260-A9B1-0D18E8758BD7}.Ad-Hoc|ARM.Build.0 = Release|Any CPU
		{6F405C81-729D-4260-A9B1-0D18E8758BD7}.Ad-Hoc|ARM.Deploy.0 = Release|Any CPU
		{6F405C81-729D-4260-A9B1-0D18E8758BD7}.Ad-Hoc|iPhone.ActiveCfg = Release|Any CPU
		{6F405C81-729D-4260-A9B1-0D18E8758BD7}.Ad-Hoc|iPhone.Build.0 = Release|Any CPU
		{6F405C81-729D-4260-A9B1-0D18E8758BD7}.Ad-Hoc|iPhone.Deploy.0 = Release|Any CPU
		{6F405C81-729D-4260-A9B1-0D18E8758BD7}.Ad-Hoc|iPhoneSimulator.ActiveCfg = Release|Any CPU
		{6F405C81-729D-4260-A9B1-0D18E8758BD7}.Ad-Hoc|iPhoneSimulator.Build.0 = Release|Any CPU
		{6F405C81-729D-4260-A9B1-0D18E8758BD7}.Ad-Hoc|iPhoneSimulator.Deploy.0 = Release|Any CPU
		{6F405C81-729D-4260-A9B1-0D18E8758BD7}.Ad-Hoc|x64.ActiveCfg = Release|Any CPU
		{6F405C81-729D-4260-A9B1-0D18E8758BD7}.Ad-Hoc|x64.Build.0 = Release|Any CPU
		{6F405C81-729D-4260-A9B1-0D18E8758BD7}.Ad-Hoc|x64.Deploy.0 = Release|Any CPU
		{6F405C81-729D-4260-A9B1-0D18E8758BD7}.Ad-Hoc|x86.ActiveCfg = Release|Any CPU
		{6F405C81-729D-4260-A9B1-0D18E8758BD7}.Ad-Hoc|x86.Build.0 = Release|Any CPU
		{6F405C81-729D-4260-A9B1-0D18E8758BD7}.Ad-Hoc|x86.Deploy.0 = Release|Any CPU
		{6F405C81-729D-4260-A9B1-0D18E8758BD7}.AppStore|Any CPU.ActiveCfg = Release|Any CPU
		{6F405C81-729D-4260-A9B1-0D18E8758BD7}.AppStore|Any CPU.Build.0 = Release|Any CPU
		{6F405C81-729D-4260-A9B1-0D18E8758BD7}.AppStore|Any CPU.Deploy.0 = Release|Any CPU
		{6F405C81-729D-4260-A9B1-0D18E8758BD7}.AppStore|ARM.ActiveCfg = Release|Any CPU
		{6F405C81-729D-4260-A9B1-0D18E8758BD7}.AppStore|ARM.Build.0 = Release|Any CPU
		{6F405C81-729D-4260-A9B1-0D18E8758BD7}.AppStore|ARM.Deploy.0 = Release|Any CPU
		{6F405C81-729D-4260-A9B1-0D18E8758BD7}.AppStore|iPhone.ActiveCfg = Release|Any CPU
		{6F405C81-729D-4260-A9B1-0D18E8758BD7}.AppStore|iPhone.Build.0 = Release|Any CPU
		{6F405C81-729D-4260-A9B1-0D18E8758BD7}.AppStore|iPhone.Deploy.0 = Release|Any CPU
		{6F405C81-729D-4260-A9B1-0D18E8758BD7}.AppStore|iPhoneSimulator.ActiveCfg = Release|Any CPU
		{6F405C81-729D-4260-A9B1-0D18E8758BD7}.AppStore|iPhoneSimulator.Build.0 = Release|Any CPU
		{6F405C81-729D-4260-A9B1-0D18E8758BD7}.AppStore|iPhoneSimulator.Deploy.0 = Release|Any CPU
		{6F405C81-729D-4260-A9B1-0D18E8758BD7}.AppStore|x64.ActiveCfg = Release|Any CPU
		{6F405C81-729D-4260-A9B1-0D18E8758BD7}.AppStore|x64.Build.0 = Release|Any CPU
		{6F405C81-729D-4260-A9B1-0D18E8758BD7}.AppStore|x64.Deploy.0 = Release|Any CPU
		{6F405C81-729D-4260-A9B1-0D18E8758BD7}.AppStore|x86.ActiveCfg = Release|Any CPU
		{6F405C81-729D-4260-A9B1-0D18E8758BD7}.AppStore|x86.Build.0 = Release|Any CPU
		{6F405C81-729D-4260-A9B1-0D18E8758BD7}.AppStore|x86.Deploy.0 = Release|Any CPU
		{6F405C81-729D-4260-A9B1-0D18E8758BD7}.Debug|Any CPU.ActiveCfg = Debug|Any CPU
		{6F405C81-729D-4260-A9B1-0D18E8758BD7}.Debug|Any CPU.Build.0 = Debug|Any CPU
		{6F405C81-729D-4260-A9B1-0D18E8758BD7}.Debug|Any CPU.Deploy.0 = Debug|Any CPU
		{6F405C81-729D-4260-A9B1-0D18E8758BD7}.Debug|ARM.ActiveCfg = Debug|Any CPU
		{6F405C81-729D-4260-A9B1-0D18E8758BD7}.Debug|ARM.Build.0 = Debug|Any CPU
		{6F405C81-729D-4260-A9B1-0D18E8758BD7}.Debug|ARM.Deploy.0 = Debug|Any CPU
		{6F405C81-729D-4260-A9B1-0D18E8758BD7}.Debug|iPhone.ActiveCfg = Debug|Any CPU
		{6F405C81-729D-4260-A9B1-0D18E8758BD7}.Debug|iPhone.Build.0 = Debug|Any CPU
		{6F405C81-729D-4260-A9B1-0D18E8758BD7}.Debug|iPhone.Deploy.0 = Debug|Any CPU
		{6F405C81-729D-4260-A9B1-0D18E8758BD7}.Debug|iPhoneSimulator.ActiveCfg = Debug|Any CPU
		{6F405C81-729D-4260-A9B1-0D18E8758BD7}.Debug|iPhoneSimulator.Build.0 = Debug|Any CPU
		{6F405C81-729D-4260-A9B1-0D18E8758BD7}.Debug|iPhoneSimulator.Deploy.0 = Debug|Any CPU
		{6F405C81-729D-4260-A9B1-0D18E8758BD7}.Debug|x64.ActiveCfg = Debug|Any CPU
		{6F405C81-729D-4260-A9B1-0D18E8758BD7}.Debug|x64.Build.0 = Debug|Any CPU
		{6F405C81-729D-4260-A9B1-0D18E8758BD7}.Debug|x64.Deploy.0 = Debug|Any CPU
		{6F405C81-729D-4260-A9B1-0D18E8758BD7}.Debug|x86.ActiveCfg = Debug|Any CPU
		{6F405C81-729D-4260-A9B1-0D18E8758BD7}.Debug|x86.Build.0 = Debug|Any CPU
		{6F405C81-729D-4260-A9B1-0D18E8758BD7}.Debug|x86.Deploy.0 = Debug|Any CPU
		{6F405C81-729D-4260-A9B1-0D18E8758BD7}.Release|Any CPU.ActiveCfg = Release|Any CPU
		{6F405C81-729D-4260-A9B1-0D18E8758BD7}.Release|Any CPU.Build.0 = Release|Any CPU
		{6F405C81-729D-4260-A9B1-0D18E8758BD7}.Release|Any CPU.Deploy.0 = Release|Any CPU
		{6F405C81-729D-4260-A9B1-0D18E8758BD7}.Release|ARM.ActiveCfg = Release|Any CPU
		{6F405C81-729D-4260-A9B1-0D18E8758BD7}.Release|ARM.Build.0 = Release|Any CPU
		{6F405C81-729D-4260-A9B1-0D18E8758BD7}.Release|ARM.Deploy.0 = Release|Any CPU
		{6F405C81-729D-4260-A9B1-0D18E8758BD7}.Release|iPhone.ActiveCfg = Release|Any CPU
		{6F405C81-729D-4260-A9B1-0D18E8758BD7}.Release|iPhone.Build.0 = Release|Any CPU
		{6F405C81-729D-4260-A9B1-0D18E8758BD7}.Release|iPhone.Deploy.0 = Release|Any CPU
		{6F405C81-729D-4260-A9B1-0D18E8758BD7}.Release|iPhoneSimulator.ActiveCfg = Release|Any CPU
		{6F405C81-729D-4260-A9B1-0D18E8758BD7}.Release|iPhoneSimulator.Build.0 = Release|Any CPU
		{6F405C81-729D-4260-A9B1-0D18E8758BD7}.Release|iPhoneSimulator.Deploy.0 = Release|Any CPU
		{6F405C81-729D-4260-A9B1-0D18E8758BD7}.Release|x64.ActiveCfg = Release|Any CPU
		{6F405C81-729D-4260-A9B1-0D18E8758BD7}.Release|x64.Build.0 = Release|Any CPU
		{6F405C81-729D-4260-A9B1-0D18E8758BD7}.Release|x64.Deploy.0 = Release|Any CPU
		{6F405C81-729D-4260-A9B1-0D18E8758BD7}.Release|x86.ActiveCfg = Release|Any CPU
		{6F405C81-729D-4260-A9B1-0D18E8758BD7}.Release|x86.Build.0 = Release|Any CPU
		{6F405C81-729D-4260-A9B1-0D18E8758BD7}.Release|x86.Deploy.0 = Release|Any CPU
		{634C48E3-8EB5-428D-B958-385A32B279CB}.Ad-Hoc|Any CPU.ActiveCfg = Debug|Any CPU
		{634C48E3-8EB5-428D-B958-385A32B279CB}.Ad-Hoc|Any CPU.Build.0 = Debug|Any CPU
		{634C48E3-8EB5-428D-B958-385A32B279CB}.Ad-Hoc|ARM.ActiveCfg = Debug|Any CPU
		{634C48E3-8EB5-428D-B958-385A32B279CB}.Ad-Hoc|ARM.Build.0 = Debug|Any CPU
		{634C48E3-8EB5-428D-B958-385A32B279CB}.Ad-Hoc|iPhone.ActiveCfg = Debug|Any CPU
		{634C48E3-8EB5-428D-B958-385A32B279CB}.Ad-Hoc|iPhone.Build.0 = Debug|Any CPU
		{634C48E3-8EB5-428D-B958-385A32B279CB}.Ad-Hoc|iPhoneSimulator.ActiveCfg = Debug|Any CPU
		{634C48E3-8EB5-428D-B958-385A32B279CB}.Ad-Hoc|iPhoneSimulator.Build.0 = Debug|Any CPU
		{634C48E3-8EB5-428D-B958-385A32B279CB}.Ad-Hoc|x64.ActiveCfg = Debug|Any CPU
		{634C48E3-8EB5-428D-B958-385A32B279CB}.Ad-Hoc|x64.Build.0 = Debug|Any CPU
		{634C48E3-8EB5-428D-B958-385A32B279CB}.Ad-Hoc|x86.ActiveCfg = Debug|Any CPU
		{634C48E3-8EB5-428D-B958-385A32B279CB}.Ad-Hoc|x86.Build.0 = Debug|Any CPU
		{634C48E3-8EB5-428D-B958-385A32B279CB}.AppStore|Any CPU.ActiveCfg = Debug|Any CPU
		{634C48E3-8EB5-428D-B958-385A32B279CB}.AppStore|Any CPU.Build.0 = Debug|Any CPU
		{634C48E3-8EB5-428D-B958-385A32B279CB}.AppStore|ARM.ActiveCfg = Debug|Any CPU
		{634C48E3-8EB5-428D-B958-385A32B279CB}.AppStore|ARM.Build.0 = Debug|Any CPU
		{634C48E3-8EB5-428D-B958-385A32B279CB}.AppStore|iPhone.ActiveCfg = Debug|Any CPU
		{634C48E3-8EB5-428D-B958-385A32B279CB}.AppStore|iPhone.Build.0 = Debug|Any CPU
		{634C48E3-8EB5-428D-B958-385A32B279CB}.AppStore|iPhoneSimulator.ActiveCfg = Debug|Any CPU
		{634C48E3-8EB5-428D-B958-385A32B279CB}.AppStore|iPhoneSimulator.Build.0 = Debug|Any CPU
		{634C48E3-8EB5-428D-B958-385A32B279CB}.AppStore|x64.ActiveCfg = Debug|Any CPU
		{634C48E3-8EB5-428D-B958-385A32B279CB}.AppStore|x64.Build.0 = Debug|Any CPU
		{634C48E3-8EB5-428D-B958-385A32B279CB}.AppStore|x86.ActiveCfg = Debug|Any CPU
		{634C48E3-8EB5-428D-B958-385A32B279CB}.AppStore|x86.Build.0 = Debug|Any CPU
		{634C48E3-8EB5-428D-B958-385A32B279CB}.Debug|Any CPU.ActiveCfg = Debug|Any CPU
		{634C48E3-8EB5-428D-B958-385A32B279CB}.Debug|Any CPU.Build.0 = Debug|Any CPU
		{634C48E3-8EB5-428D-B958-385A32B279CB}.Debug|ARM.ActiveCfg = Debug|Any CPU
		{634C48E3-8EB5-428D-B958-385A32B279CB}.Debug|ARM.Build.0 = Debug|Any CPU
		{634C48E3-8EB5-428D-B958-385A32B279CB}.Debug|iPhone.ActiveCfg = Debug|Any CPU
		{634C48E3-8EB5-428D-B958-385A32B279CB}.Debug|iPhone.Build.0 = Debug|Any CPU
		{634C48E3-8EB5-428D-B958-385A32B279CB}.Debug|iPhoneSimulator.ActiveCfg = Debug|Any CPU
		{634C48E3-8EB5-428D-B958-385A32B279CB}.Debug|iPhoneSimulator.Build.0 = Debug|Any CPU
		{634C48E3-8EB5-428D-B958-385A32B279CB}.Debug|x64.ActiveCfg = Debug|Any CPU
		{634C48E3-8EB5-428D-B958-385A32B279CB}.Debug|x64.Build.0 = Debug|Any CPU
		{634C48E3-8EB5-428D-B958-385A32B279CB}.Debug|x86.ActiveCfg = Debug|Any CPU
		{634C48E3-8EB5-428D-B958-385A32B279CB}.Debug|x86.Build.0 = Debug|Any CPU
		{634C48E3-8EB5-428D-B958-385A32B279CB}.Release|Any CPU.ActiveCfg = Release|Any CPU
		{634C48E3-8EB5-428D-B958-385A32B279CB}.Release|Any CPU.Build.0 = Release|Any CPU
		{634C48E3-8EB5-428D-B958-385A32B279CB}.Release|ARM.ActiveCfg = Release|Any CPU
		{634C48E3-8EB5-428D-B958-385A32B279CB}.Release|ARM.Build.0 = Release|Any CPU
		{634C48E3-8EB5-428D-B958-385A32B279CB}.Release|iPhone.ActiveCfg = Release|Any CPU
		{634C48E3-8EB5-428D-B958-385A32B279CB}.Release|iPhone.Build.0 = Release|Any CPU
		{634C48E3-8EB5-428D-B958-385A32B279CB}.Release|iPhoneSimulator.ActiveCfg = Release|Any CPU
		{634C48E3-8EB5-428D-B958-385A32B279CB}.Release|iPhoneSimulator.Build.0 = Release|Any CPU
		{634C48E3-8EB5-428D-B958-385A32B279CB}.Release|x64.ActiveCfg = Release|Any CPU
		{634C48E3-8EB5-428D-B958-385A32B279CB}.Release|x64.Build.0 = Release|Any CPU
		{634C48E3-8EB5-428D-B958-385A32B279CB}.Release|x86.ActiveCfg = Release|Any CPU
		{634C48E3-8EB5-428D-B958-385A32B279CB}.Release|x86.Build.0 = Release|Any CPU
	EndGlobalSection
	GlobalSection(SolutionProperties) = preSolution
		HideSolutionNode = FALSE
	EndGlobalSection
	GlobalSection(ExtensibilityGlobals) = postSolution
		SolutionGuid = {05DBCA40-BB9C-4568-9682-25FE11B87A02}
	EndGlobalSection
EndGlobal
