
Microsoft Visual Studio Solution File, Format Version 12.00
# Visual Studio 15
VisualStudioVersion = 15.0.27703.2042
MinimumVisualStudioVersion = 10.0.40219.1
Project("{FAE04EC0-301F-11D3-BF4B-00C04F79EFBC}") = "StoryTeller.Alexa", "StoryTeller.Alexa\StoryTeller.Alexa.csproj", "{C1A2EA37-FA01-4522-ACC7-E6164AF384EB}"
EndProject
Project("{9A19103F-16F7-4668-BE54-9A1E7A4F7556}") = "StoryTeller.Core", "..\StoryTeller.Core\StoryTeller.Core\StoryTeller.Core.csproj", "{7BC80DF4-88AD-41A2-8593-EA267615D61A}"
EndProject
Global
	GlobalSection(SolutionConfigurationPlatforms) = preSolution
		Debug|Any CPU = Debug|Any CPU
		Release|Any CPU = Release|Any CPU
	EndGlobalSection
	GlobalSection(ProjectConfigurationPlatforms) = postSolution
		{C1A2EA37-FA01-4522-ACC7-E6164AF384EB}.Debug|Any CPU.ActiveCfg = Debug|Any CPU
		{C1A2EA37-FA01-4522-ACC7-E6164AF384EB}.Debug|Any CPU.Build.0 = Debug|Any CPU
		{C1A2EA37-FA01-4522-ACC7-E6164AF384EB}.Release|Any CPU.ActiveCfg = Release|Any CPU
		{C1A2EA37-FA01-4522-ACC7-E6164AF384EB}.Release|Any CPU.Build.0 = Release|Any CPU
		{7BC80DF4-88AD-41A2-8593-EA267615D61A}.Debug|Any CPU.ActiveCfg = Debug|Any CPU
		{7BC80DF4-88AD-41A2-8593-EA267615D61A}.Debug|Any CPU.Build.0 = Debug|Any CPU
		{7BC80DF4-88AD-41A2-8593-EA267615D61A}.Release|Any CPU.ActiveCfg = Release|Any CPU
		{7BC80DF4-88AD-41A2-8593-EA267615D61A}.Release|Any CPU.Build.0 = Release|Any CPU
	EndGlobalSection
	GlobalSection(SolutionProperties) = preSolution
		HideSolutionNode = FALSE
	EndGlobalSection
	GlobalSection(ExtensibilityGlobals) = postSolution
		SolutionGuid = {C3C3CA3D-5A64-4770-98B4-A8DEDC59D339}
	EndGlobalSection
EndGlobal
